{
    "name": "covicovey",
    "version": "0",
    "lockfileVersion": 3,
    "requires": true,
    "packages": {
        "": {
            "devDependencies": {
                "@prettier/plugin-xml": "^3.4.2",
                "prettier": ">=3.8.2",
                "prettier-plugin-jinja-template": "*",
                "prettier-plugin-organize-attributes": "*",
                "prettier-plugin-toml": "*"
            }
        },
        "node_modules/@prettier/plugin-xml": {
            "version": "3.4.2",
            "resolved": "https://registry.npmjs.org/@prettier/plugin-xml/-/plugin-xml-3.4.2.tgz",
            "integrity": "sha512-/UyNlHfkuLXG6Ed85KB0WBF283xn2yavR+UtRibBRUcvEJId2DSLdGXwJ/cDa1X++SWDPzq3+GSFniHjkNy7yg==",
            "dev": true,
            "license": "MIT",
            "dependencies": {
                "@xml-tools/parser": "^1.0.11"
            },
            "peerDependencies": {
                "prettier": "^3.0.0"
            }
        },
        "node_modules/@taplo/core": {
            "version": "0.2.0",
            "resolved": "https://registry.npmjs.org/@taplo/core/-/core-0.2.0.tgz",
            "integrity": "sha512-r8bl54Zj1In3QLkiW/ex694bVzpPJ9EhwqT9xkcUVODnVUGirdB1JTsmiIv0o1uwqZiwhi8xNnTOQBRQCpizrQ==",
            "dev": true,
            "license": "MIT"
        },
        "node_modules/@taplo/lib": {
            "version": "0.5.0",
            "resolved": "https://registry.npmjs.org/@taplo/lib/-/lib-0.5.0.tgz",
            "integrity": "sha512-+xIqpQXJco3T+VGaTTwmhxLa51qpkQxCjRwezjFZgr+l21ExlywJFcDfTrNmL6lG6tqb0h8GyJKO3UPGPtSCWg==",
            "dev": true,
            "license": "MIT",
            "dependencies": {
                "@taplo/core": "^0.2.0"
            }
        },
        "node_modules/@xml-tools/parser": {
            "version": "1.0.11",
            "resolved": "https://registry.npmjs.org/@xml-tools/parser/-/parser-1.0.11.tgz",
            "integrity": "sha512-aKqQ077XnR+oQtHJlrAflaZaL7qZsulWc/i/ZEooar5JiWj1eLt0+Wg28cpa+XLney107wXqneC+oG1IZvxkTA==",
            "dev": true,
            "license": "Apache-2.0",
            "dependencies": {
                "chevrotain": "7.1.1"
            }
        },
        "node_modules/chevrotain": {
            "version": "7.1.1",
            "resolved": "https://registry.npmjs.org/chevrotain/-/chevrotain-7.1.1.tgz",
            "integrity": "sha512-wy3mC1x4ye+O+QkEinVJkPf5u2vsrDIYW9G7ZuwFl6v/Yu0LwUuT2POsb+NUWApebyxfkQq6+yDfRExbnI5rcw==",
            "dev": true,
            "license": "Apache-2.0",
            "dependencies": {
                "regexp-to-ast": "0.5.0"
            }
        },
        "node_modules/prettier": {
            "version": "3.9.8",
            "resolved": "https://registry.npmjs.org/prettier/-/prettier-3.9.8.tgz",
            "integrity": "sha512-WRFq3Wn3WId7LLROfMLdH7xaFr2jR62wU8nLO6rQUOLOxNZUviyJQs1M0iIhLexSFy+L+w0ch66wtoO2jRjG0A==",
            "dev": true,
            "license": "MIT",
            "bin": {
                "prettier": "bin/prettier.cjs"
            },
            "engines": {
                "node": ">=14"
            },
            "funding": {
                "url": "https://github.com/prettier/prettier?sponsor=1"
            }
        },
        "node_modules/prettier-plugin-jinja-template": {
            "version": "2.2.0",
            "resolved": "https://registry.npmjs.org/prettier-plugin-jinja-template/-/prettier-plugin-jinja-template-2.2.0.tgz",
            "integrity": "sha512-FVZtWvSW8RKvHToWHgI9j1eau7t2mekYoVKg7GdDS16QVOYM8f08yzVptBUvSXKQR2xJAXCLi0rGGvJGFtCUrA==",
            "dev": true,
            "license": "MIT",
            "peerDependencies": {
                "prettier": "^3.0.0"
            }
        },
        "node_modules/prettier-plugin-organize-attributes": {
            "version": "1.0.0",
            "resolved": "https://registry.npmjs.org/prettier-plugin-organize-attributes/-/prettier-plugin-organize-attributes-1.0.0.tgz",
            "integrity": "sha512-+NmameaLxbCcylEXsKPmawtzla5EE6ECqvGkpfQz4KM847fXDifB1gFnPQEpoADAq6IXg+cMI8Z0ISJEXa6fhg==",
            "dev": true,
            "license": "MIT",
            "engines": {
                "node": ">=14.0.0"
            },
            "peerDependencies": {
                "prettier": "^3.0.0"
            }
        },
        "node_modules/prettier-plugin-toml": {
            "version": "2.0.6",
            "resolved": "https://registry.npmjs.org/prettier-plugin-toml/-/prettier-plugin-toml-2.0.6.tgz",
            "integrity": "sha512-12N/wBuHa9jd/KVy9pRP20NMKxQfQLMseQCt66lIbLaPLItvGUcSIryE1eZZMJ7loSws6Ig3M2Elc2EreNh76w==",
            "dev": true,
            "license": "MIT",
            "dependencies": {
                "@taplo/lib": "^0.5.0"
            },
            "engines": {
                "node": ">=16.0.0"
            },
            "funding": {
                "url": "https://opencollective.com/unts"
            },
            "peerDependencies": {
                "prettier": "^3.0.3"
            }
        },
        "node_modules/regexp-to-ast": {
            "version": "0.5.0",
            "resolved": "https://registry.npmjs.org/regexp-to-ast/-/regexp-to-ast-0.5.0.tgz",
            "integrity": "sha512-tlbJqcMHnPKI9zSrystikWKwHkBqu2a/Sgw01h3zFjvYrMxEDYHzzoMZnUrbIfpTFEsoRnnviOXNCzFiSc54Qw==",
            "dev": true,
            "license": "MIT"
        }
    }
}
